
Microsoft Visual Studio Solution File, Format Version 12.00
# Visual Studio Version 16
VisualStudioVersion = 16.0.30011.22
MinimumVisualStudioVersion = 10.0.40219.1
Project("{FAE04EC0-301F-11D3-BF4B-00C04F79EFBC}") = "EistensRiddle", "EistensRiddle\EistensRiddle.csproj", "{AECE48D4-EBBC-42FC-96DA-8D0EE3F98E4E}"
EndProject
Global
	GlobalSection(SolutionConfigurationPlatforms) = preSolution
		Debug|Any CPU = Debug|Any CPU
		Release|Any CPU = Release|Any CPU
	EndGlobalSection
	GlobalSection(ProjectConfigurationPlatforms) = postSolution
		{AECE48D4-EBBC-42FC-96DA-8D0EE3F98E4E}.Debug|Any CPU.ActiveCfg = Debug|Any CPU
		{AECE48D4-EBBC-42FC-96DA-8D0EE3F98E4E}.Debug|Any CPU.Build.0 = Debug|Any CPU
		{AECE48D4-EBBC-42FC-96DA-8D0EE3F98E4E}.Release|Any CPU.ActiveCfg = Release|Any CPU
		{AECE48D4-EBBC-42FC-96DA-8D0EE3F98E4E}.Release|Any CPU.Build.0 = Release|Any CPU
	EndGlobalSection
	GlobalSection(SolutionProperties) = preSolution
		HideSolutionNode = FALSE
	EndGlobalSection
	GlobalSection(ExtensibilityGlobals) = postSolution
		SolutionGuid = {D67FAC65-0B0F-4960-9771-675C43C8168B}
	EndGlobalSection
EndGlobal
